// !$*UTF8*$!
{
	archiveVersion = 1;
	classes = {
	};
	objectVersion = 50;
	objects = {

/* Begin PBXBuildFile section */
		8B0B305527020FD6000D6755 /* AuthorizationCoordinator.swift in Sources */ = {isa = PBXBuildFile; fileRef = 8B0B305427020FD6000D6755 /* AuthorizationCoordinator.swift */; };
		8B0B30582702116E000D6755 /* DependencyContainer.swift in Sources */ = {isa = PBXBuildFile; fileRef = 8B0B30572702116E000D6755 /* DependencyContainer.swift */; };
		8B0B305A270211D1000D6755 /* NetworkServiceDependencies.swift in Sources */ = {isa = PBXBuildFile; fileRef = 8B0B3059270211D1000D6755 /* NetworkServiceDependencies.swift */; };
		8B0B305C270211FE000D6755 /* DatabaseServiceDependencies.swift in Sources */ = {isa = PBXBuildFile; fileRef = 8B0B305B270211FE000D6755 /* DatabaseServiceDependencies.swift */; };
		8B11DD0B27090B6F0035BC49 /* Bundle-Decodable.swift in Sources */ = {isa = PBXBuildFile; fileRef = 8B11DD0A27090B6F0035BC49 /* Bundle-Decodable.swift */; };
		8B1AA36E2702E3D100248D0B /* TokenDatabase.swift in Sources */ = {isa = PBXBuildFile; fileRef = 8B1AA36D2702E3D100248D0B /* TokenDatabase.swift */; };
		8B1AA3712702E43300248D0B /* TokenModel.xcdatamodeld in Sources */ = {isa = PBXBuildFile; fileRef = 8B1AA36F2702E43300248D0B /* TokenModel.xcdatamodeld */; };
		8B1AA3732702E7AD00248D0B /* TokenDB.swift in Sources */ = {isa = PBXBuildFile; fileRef = 8B1AA3722702E7AD00248D0B /* TokenDB.swift */; };
		8B1BCD2D27065107003F6B92 /* ServicesModule.swift in Sources */ = {isa = PBXBuildFile; fileRef = 8B1BCD2C27065107003F6B92 /* ServicesModule.swift */; };
		8B1BCD2F2706519D003F6B92 /* ServicesViewController.swift in Sources */ = {isa = PBXBuildFile; fileRef = 8B1BCD2E2706519D003F6B92 /* ServicesViewController.swift */; };
		8B1BCD3127065209003F6B92 /* ServicesPresenter.swift in Sources */ = {isa = PBXBuildFile; fileRef = 8B1BCD3027065209003F6B92 /* ServicesPresenter.swift */; };
		8B1BCD35270653F4003F6B92 /* ServicesSubscription.swift in Sources */ = {isa = PBXBuildFile; fileRef = 8B1BCD34270653F4003F6B92 /* ServicesSubscription.swift */; };
		8B21AD1027032BF900E63DBA /* PassportDataModule.swift in Sources */ = {isa = PBXBuildFile; fileRef = 8B21AD0F27032BF900E63DBA /* PassportDataModule.swift */; };
		8B21AD1327032CA500E63DBA /* PassportDataViewController.swift in Sources */ = {isa = PBXBuildFile; fileRef = 8B21AD1227032CA500E63DBA /* PassportDataViewController.swift */; };
		8B21AD1527032CF500E63DBA /* PassportDataPresenter.swift in Sources */ = {isa = PBXBuildFile; fileRef = 8B21AD1427032CF500E63DBA /* PassportDataPresenter.swift */; };
		8B21AD1727032F5F00E63DBA /* PassportDataSubscription.swift in Sources */ = {isa = PBXBuildFile; fileRef = 8B21AD1627032F5F00E63DBA /* PassportDataSubscription.swift */; };
		8B21AD1A2703448000E63DBA /* PassportDataInteractor.swift in Sources */ = {isa = PBXBuildFile; fileRef = 8B21AD192703448000E63DBA /* PassportDataInteractor.swift */; };
		8B3006C126B1E72700DBC3AD /* PDFCreator.swift in Sources */ = {isa = PBXBuildFile; fileRef = 8B3006C026B1E72700DBC3AD /* PDFCreator.swift */; };
		8B3006C326B1F05100DBC3AD /* PDFPreviewViewController.swift in Sources */ = {isa = PBXBuildFile; fileRef = 8B3006C226B1F05100DBC3AD /* PDFPreviewViewController.swift */; };
		8B3006C526B1F24800DBC3AD /* ContractBody.swift in Sources */ = {isa = PBXBuildFile; fileRef = 8B3006C426B1F24800DBC3AD /* ContractBody.swift */; };
		8B3E112926F519C300FBE02C /* View.swift in Sources */ = {isa = PBXBuildFile; fileRef = 8B3E112826F519C300FBE02C /* View.swift */; };
		8B3E112B26F519EA00FBE02C /* Interactor.swift in Sources */ = {isa = PBXBuildFile; fileRef = 8B3E112A26F519EA00FBE02C /* Interactor.swift */; };
		8B3E112D26F51A0B00FBE02C /* Presenter.swift in Sources */ = {isa = PBXBuildFile; fileRef = 8B3E112C26F51A0B00FBE02C /* Presenter.swift */; };
		8B3E113026F51A5000FBE02C /* Modules.swift in Sources */ = {isa = PBXBuildFile; fileRef = 8B3E112F26F51A5000FBE02C /* Modules.swift */; };
		8B3E113226F51A7800FBE02C /* ModulesFactory.swift in Sources */ = {isa = PBXBuildFile; fileRef = 8B3E113126F51A7800FBE02C /* ModulesFactory.swift */; };
		8B3E113526F51AD800FBE02C /* Coordinator.swift in Sources */ = {isa = PBXBuildFile; fileRef = 8B3E113426F51AD800FBE02C /* Coordinator.swift */; };
		8B3E113726F51AF800FBE02C /* MainCoordinator.swift in Sources */ = {isa = PBXBuildFile; fileRef = 8B3E113626F51AF800FBE02C /* MainCoordinator.swift */; };
		8B3E113D26F51BE700FBE02C /* PDFPreviewModule.swift in Sources */ = {isa = PBXBuildFile; fileRef = 8B3E113C26F51BE700FBE02C /* PDFPreviewModule.swift */; };
		8B3E113F26F51D6F00FBE02C /* PDFPreviewPresenter.swift in Sources */ = {isa = PBXBuildFile; fileRef = 8B3E113E26F51D6F00FBE02C /* PDFPreviewPresenter.swift */; };
		8B3E114126F51E3900FBE02C /* PDFPreviewInteractor.swift in Sources */ = {isa = PBXBuildFile; fileRef = 8B3E114026F51E3900FBE02C /* PDFPreviewInteractor.swift */; };
		8B3E114626F6056700FBE02C /* DateFormatterExtension.swift in Sources */ = {isa = PBXBuildFile; fileRef = 8B3E114526F6056700FBE02C /* DateFormatterExtension.swift */; };
		8B4B7527270216A80071C92A /* HomeSubscription.swift in Sources */ = {isa = PBXBuildFile; fileRef = 8B4B7526270216A80071C92A /* HomeSubscription.swift */; };
		8B4B7529270219D50071C92A /* HomeCoordinator.swift in Sources */ = {isa = PBXBuildFile; fileRef = 8B4B7528270219D50071C92A /* HomeCoordinator.swift */; };
		8B4BAEDD270C40F60087AE3A /* BillModule.swift in Sources */ = {isa = PBXBuildFile; fileRef = 8B4BAEDC270C40F60087AE3A /* BillModule.swift */; };
		8B4BAEE1270C41660087AE3A /* BillViewController.swift in Sources */ = {isa = PBXBuildFile; fileRef = 8B4BAEE0270C41660087AE3A /* BillViewController.swift */; };
		8B4BAEE3270C41BD0087AE3A /* BillPresenter.swift in Sources */ = {isa = PBXBuildFile; fileRef = 8B4BAEE2270C41BD0087AE3A /* BillPresenter.swift */; };
		8B4BAEE5270C43450087AE3A /* BillSubscription.swift in Sources */ = {isa = PBXBuildFile; fileRef = 8B4BAEE4270C43450087AE3A /* BillSubscription.swift */; };
		8B5CAE23270CCFEC007CB9D5 /* ServicesHeader.swift in Sources */ = {isa = PBXBuildFile; fileRef = 8B5CAE22270CCFEC007CB9D5 /* ServicesHeader.swift */; };
		8B5D2F2E270191D800061322 /* HomeModule.swift in Sources */ = {isa = PBXBuildFile; fileRef = 8B5D2F2D270191D800061322 /* HomeModule.swift */; };
		8B5D2F332701931C00061322 /* HomeViewController.swift in Sources */ = {isa = PBXBuildFile; fileRef = 8B5D2F322701931C00061322 /* HomeViewController.swift */; };
		8B5D2F35270193C800061322 /* HomePresenter.swift in Sources */ = {isa = PBXBuildFile; fileRef = 8B5D2F34270193C800061322 /* HomePresenter.swift */; };
		8B5D2F3B2701B45F00061322 /* AuthorizationModule.swift in Sources */ = {isa = PBXBuildFile; fileRef = 8B5D2F3A2701B45F00061322 /* AuthorizationModule.swift */; };
		8B5D2F402701B57D00061322 /* AuthorizationViewController.swift in Sources */ = {isa = PBXBuildFile; fileRef = 8B5D2F3F2701B57D00061322 /* AuthorizationViewController.swift */; };
		8B5D2F422701C4C400061322 /* AuthorizationInteractor.swift in Sources */ = {isa = PBXBuildFile; fileRef = 8B5D2F412701C4C400061322 /* AuthorizationInteractor.swift */; };
		8B5D2F442701C55E00061322 /* AuthorizationPresenter.swift in Sources */ = {isa = PBXBuildFile; fileRef = 8B5D2F432701C55E00061322 /* AuthorizationPresenter.swift */; };
		8B5E431B26B1912800A7996B /* AppDelegate.swift in Sources */ = {isa = PBXBuildFile; fileRef = 8B5E431A26B1912800A7996B /* AppDelegate.swift */; };
		8B5E431D26B1912800A7996B /* SceneDelegate.swift in Sources */ = {isa = PBXBuildFile; fileRef = 8B5E431C26B1912800A7996B /* SceneDelegate.swift */; };
		8B5E432426B1912900A7996B /* Assets.xcassets in Resources */ = {isa = PBXBuildFile; fileRef = 8B5E432326B1912900A7996B /* Assets.xcassets */; };
		8B5E432726B1912900A7996B /* LaunchScreen.storyboard in Resources */ = {isa = PBXBuildFile; fileRef = 8B5E432526B1912900A7996B /* LaunchScreen.storyboard */; };
		8B5E433226B1912A00A7996B /* PDFDocumentBuilderTests.swift in Sources */ = {isa = PBXBuildFile; fileRef = 8B5E433126B1912A00A7996B /* PDFDocumentBuilderTests.swift */; };
		8B5E433D26B1912A00A7996B /* PDFDocumentBuilderUITests.swift in Sources */ = {isa = PBXBuildFile; fileRef = 8B5E433C26B1912A00A7996B /* PDFDocumentBuilderUITests.swift */; };
		8B5E434C26B195C400A7996B /* ContractData.swift in Sources */ = {isa = PBXBuildFile; fileRef = 8B5E434B26B195C400A7996B /* ContractData.swift */; };
		8B6ACC712703AF9C00127AA6 /* Recognition.swift in Sources */ = {isa = PBXBuildFile; fileRef = 8B6ACC702703AF9C00127AA6 /* Recognition.swift */; };
		8B6ACC732703B00C00127AA6 /* RecognitionService.swift in Sources */ = {isa = PBXBuildFile; fileRef = 8B6ACC722703B00C00127AA6 /* RecognitionService.swift */; };
		8B6ACC752703B47900127AA6 /* PassportDataResponse.swift in Sources */ = {isa = PBXBuildFile; fileRef = 8B6ACC742703B47900127AA6 /* PassportDataResponse.swift */; };
		8B718AAE270A70FE006B9A9A /* ServiceCell.swift in Sources */ = {isa = PBXBuildFile; fileRef = 8B718AAD270A70FE006B9A9A /* ServiceCell.swift */; };
		8B71C14D26FDD6EE003DC6BA /* ContractBodyController.swift in Sources */ = {isa = PBXBuildFile; fileRef = 8B71C14C26FDD6EE003DC6BA /* ContractBodyController.swift */; };
		8B97FFAF270D8512008492B5 /* PDFPreviewSubscription.swift in Sources */ = {isa = PBXBuildFile; fileRef = 8B97FFAE270D8512008492B5 /* PDFPreviewSubscription.swift */; };
		8BA3998A2706450A00861B8B /* servicesCatalog.json in Resources */ = {isa = PBXBuildFile; fileRef = 8BA399892706450A00861B8B /* servicesCatalog.json */; };
		8BCE5C682701DE9600ED9A66 /* TokenResponse.swift in Sources */ = {isa = PBXBuildFile; fileRef = 8BCE5C672701DE9600ED9A66 /* TokenResponse.swift */; };
		8BCE5C6A2701E02F00ED9A66 /* Endpoint.swift in Sources */ = {isa = PBXBuildFile; fileRef = 8BCE5C692701E02F00ED9A66 /* Endpoint.swift */; };
		8BCE5C6E2701E5E300ED9A66 /* NetworkControllerProtocol.swift in Sources */ = {isa = PBXBuildFile; fileRef = 8BCE5C6D2701E5E300ED9A66 /* NetworkControllerProtocol.swift */; };
		8BCE5C702701E69C00ED9A66 /* NetworkController.swift in Sources */ = {isa = PBXBuildFile; fileRef = 8BCE5C6F2701E69C00ED9A66 /* NetworkController.swift */; };
		8BCE5C742701E7CF00ED9A66 /* Authorization.swift in Sources */ = {isa = PBXBuildFile; fileRef = 8BCE5C732701E7CF00ED9A66 /* Authorization.swift */; };
		8BCE5C762701E83C00ED9A66 /* AuthorizationService.swift in Sources */ = {isa = PBXBuildFile; fileRef = 8BCE5C752701E83C00ED9A66 /* AuthorizationService.swift */; };
		8BEC53FA270C80AE00E53887 /* ServicesCountView.swift in Sources */ = {isa = PBXBuildFile; fileRef = 8BEC53F9270C80AE00E53887 /* ServicesCountView.swift */; };
		8BEC53FC270C867100E53887 /* BillServiceCell.swift in Sources */ = {isa = PBXBuildFile; fileRef = 8BEC53FB270C867100E53887 /* BillServiceCell.swift */; };
		8BEC5400270C8A4F00E53887 /* ServiceCountAction.swift in Sources */ = {isa = PBXBuildFile; fileRef = 8BEC53FF270C8A4F00E53887 /* ServiceCountAction.swift */; };
		8BEC5403270C8BB800E53887 /* AddServiceCell.swift in Sources */ = {isa = PBXBuildFile; fileRef = 8BEC5402270C8BB800E53887 /* AddServiceCell.swift */; };
		8BEC5405270C8F3000E53887 /* ServiceCountTotal.swift in Sources */ = {isa = PBXBuildFile; fileRef = 8BEC5404270C8F3000E53887 /* ServiceCountTotal.swift */; };
		8BEC5407270C95AD00E53887 /* TotalCell.swift in Sources */ = {isa = PBXBuildFile; fileRef = 8BEC5406270C95AD00E53887 /* TotalCell.swift */; };
		8BEC5409270CA0EF00E53887 /* BillCellFactory.swift in Sources */ = {isa = PBXBuildFile; fileRef = 8BEC5408270CA0EF00E53887 /* BillCellFactory.swift */; };
		8BEC540B270CA1F900E53887 /* BillCell.swift in Sources */ = {isa = PBXBuildFile; fileRef = 8BEC540A270CA1F900E53887 /* BillCell.swift */; };
/* End PBXBuildFile section */

/* Begin PBXContainerItemProxy section */
		8B5E432E26B1912A00A7996B /* PBXContainerItemProxy */ = {
			isa = PBXContainerItemProxy;
			containerPortal = 8B5E430F26B1912700A7996B /* Project object */;
			proxyType = 1;
			remoteGlobalIDString = 8B5E431626B1912700A7996B;
			remoteInfo = PDFDocumentBuilder;
		};
		8B5E433926B1912A00A7996B /* PBXContainerItemProxy */ = {
			isa = PBXContainerItemProxy;
			containerPortal = 8B5E430F26B1912700A7996B /* Project object */;
			proxyType = 1;
			remoteGlobalIDString = 8B5E431626B1912700A7996B;
			remoteInfo = PDFDocumentBuilder;
		};
/* End PBXContainerItemProxy section */

/* Begin PBXFileReference section */
		8B0B305427020FD6000D6755 /* AuthorizationCoordinator.swift */ = {isa = PBXFileReference; lastKnownFileType = sourcecode.swift; path = AuthorizationCoordinator.swift; sourceTree = "<group>"; };
		8B0B30572702116E000D6755 /* DependencyContainer.swift */ = {isa = PBXFileReference; lastKnownFileType = sourcecode.swift; path = DependencyContainer.swift; sourceTree = "<group>"; };
		8B0B3059270211D1000D6755 /* NetworkServiceDependencies.swift */ = {isa = PBXFileReference; lastKnownFileType = sourcecode.swift; path = NetworkServiceDependencies.swift; sourceTree = "<group>"; };
		8B0B305B270211FE000D6755 /* DatabaseServiceDependencies.swift */ = {isa = PBXFileReference; lastKnownFileType = sourcecode.swift; path = DatabaseServiceDependencies.swift; sourceTree = "<group>"; };
		8B11DD0A27090B6F0035BC49 /* Bundle-Decodable.swift */ = {isa = PBXFileReference; lastKnownFileType = sourcecode.swift; path = "Bundle-Decodable.swift"; sourceTree = "<group>"; };
		8B1AA36D2702E3D100248D0B /* TokenDatabase.swift */ = {isa = PBXFileReference; lastKnownFileType = sourcecode.swift; path = TokenDatabase.swift; sourceTree = "<group>"; };
		8B1AA3702702E43300248D0B /* TokenModel.xcdatamodel */ = {isa = PBXFileReference; lastKnownFileType = wrapper.xcdatamodel; path = TokenModel.xcdatamodel; sourceTree = "<group>"; };
		8B1AA3722702E7AD00248D0B /* TokenDB.swift */ = {isa = PBXFileReference; lastKnownFileType = sourcecode.swift; path = TokenDB.swift; sourceTree = "<group>"; };
		8B1BCD2C27065107003F6B92 /* ServicesModule.swift */ = {isa = PBXFileReference; lastKnownFileType = sourcecode.swift; path = ServicesModule.swift; sourceTree = "<group>"; };
		8B1BCD2E2706519D003F6B92 /* ServicesViewController.swift */ = {isa = PBXFileReference; lastKnownFileType = sourcecode.swift; path = ServicesViewController.swift; sourceTree = "<group>"; };
		8B1BCD3027065209003F6B92 /* ServicesPresenter.swift */ = {isa = PBXFileReference; lastKnownFileType = sourcecode.swift; path = ServicesPresenter.swift; sourceTree = "<group>"; };
		8B1BCD34270653F4003F6B92 /* ServicesSubscription.swift */ = {isa = PBXFileReference; lastKnownFileType = sourcecode.swift; path = ServicesSubscription.swift; sourceTree = "<group>"; };
		8B21AD0F27032BF900E63DBA /* PassportDataModule.swift */ = {isa = PBXFileReference; lastKnownFileType = sourcecode.swift; path = PassportDataModule.swift; sourceTree = "<group>"; };
		8B21AD1227032CA500E63DBA /* PassportDataViewController.swift */ = {isa = PBXFileReference; lastKnownFileType = sourcecode.swift; path = PassportDataViewController.swift; sourceTree = "<group>"; };
		8B21AD1427032CF500E63DBA /* PassportDataPresenter.swift */ = {isa = PBXFileReference; lastKnownFileType = sourcecode.swift; path = PassportDataPresenter.swift; sourceTree = "<group>"; };
		8B21AD1627032F5F00E63DBA /* PassportDataSubscription.swift */ = {isa = PBXFileReference; lastKnownFileType = sourcecode.swift; path = PassportDataSubscription.swift; sourceTree = "<group>"; };
		8B21AD192703448000E63DBA /* PassportDataInteractor.swift */ = {isa = PBXFileReference; lastKnownFileType = sourcecode.swift; path = PassportDataInteractor.swift; sourceTree = "<group>"; };
		8B3006C026B1E72700DBC3AD /* PDFCreator.swift */ = {isa = PBXFileReference; lastKnownFileType = sourcecode.swift; path = PDFCreator.swift; sourceTree = "<group>"; };
		8B3006C226B1F05100DBC3AD /* PDFPreviewViewController.swift */ = {isa = PBXFileReference; lastKnownFileType = sourcecode.swift; path = PDFPreviewViewController.swift; sourceTree = "<group>"; };
		8B3006C426B1F24800DBC3AD /* ContractBody.swift */ = {isa = PBXFileReference; lastKnownFileType = sourcecode.swift; path = ContractBody.swift; sourceTree = "<group>"; };
		8B3E112826F519C300FBE02C /* View.swift */ = {isa = PBXFileReference; lastKnownFileType = sourcecode.swift; path = View.swift; sourceTree = "<group>"; };
		8B3E112A26F519EA00FBE02C /* Interactor.swift */ = {isa = PBXFileReference; lastKnownFileType = sourcecode.swift; path = Interactor.swift; sourceTree = "<group>"; };
		8B3E112C26F51A0B00FBE02C /* Presenter.swift */ = {isa = PBXFileReference; lastKnownFileType = sourcecode.swift; path = Presenter.swift; sourceTree = "<group>"; };
		8B3E112F26F51A5000FBE02C /* Modules.swift */ = {isa = PBXFileReference; lastKnownFileType = sourcecode.swift; path = Modules.swift; sourceTree = "<group>"; };
		8B3E113126F51A7800FBE02C /* ModulesFactory.swift */ = {isa = PBXFileReference; lastKnownFileType = sourcecode.swift; path = ModulesFactory.swift; sourceTree = "<group>"; };
		8B3E113426F51AD800FBE02C /* Coordinator.swift */ = {isa = PBXFileReference; lastKnownFileType = sourcecode.swift; path = Coordinator.swift; sourceTree = "<group>"; };
		8B3E113626F51AF800FBE02C /* MainCoordinator.swift */ = {isa = PBXFileReference; lastKnownFileType = sourcecode.swift; path = MainCoordinator.swift; sourceTree = "<group>"; };
		8B3E113C26F51BE700FBE02C /* PDFPreviewModule.swift */ = {isa = PBXFileReference; lastKnownFileType = sourcecode.swift; path = PDFPreviewModule.swift; sourceTree = "<group>"; };
		8B3E113E26F51D6F00FBE02C /* PDFPreviewPresenter.swift */ = {isa = PBXFileReference; lastKnownFileType = sourcecode.swift; path = PDFPreviewPresenter.swift; sourceTree = "<group>"; };
		8B3E114026F51E3900FBE02C /* PDFPreviewInteractor.swift */ = {isa = PBXFileReference; lastKnownFileType = sourcecode.swift; path = PDFPreviewInteractor.swift; sourceTree = "<group>"; };
		8B3E114526F6056700FBE02C /* DateFormatterExtension.swift */ = {isa = PBXFileReference; lastKnownFileType = sourcecode.swift; path = DateFormatterExtension.swift; sourceTree = "<group>"; };
		8B4B7526270216A80071C92A /* HomeSubscription.swift */ = {isa = PBXFileReference; lastKnownFileType = sourcecode.swift; path = HomeSubscription.swift; sourceTree = "<group>"; };
		8B4B7528270219D50071C92A /* HomeCoordinator.swift */ = {isa = PBXFileReference; lastKnownFileType = sourcecode.swift; path = HomeCoordinator.swift; sourceTree = "<group>"; };
		8B4BAEDC270C40F60087AE3A /* BillModule.swift */ = {isa = PBXFileReference; lastKnownFileType = sourcecode.swift; path = BillModule.swift; sourceTree = "<group>"; };
		8B4BAEE0270C41660087AE3A /* BillViewController.swift */ = {isa = PBXFileReference; lastKnownFileType = sourcecode.swift; path = BillViewController.swift; sourceTree = "<group>"; };
		8B4BAEE2270C41BD0087AE3A /* BillPresenter.swift */ = {isa = PBXFileReference; lastKnownFileType = sourcecode.swift; path = BillPresenter.swift; sourceTree = "<group>"; };
		8B4BAEE4270C43450087AE3A /* BillSubscription.swift */ = {isa = PBXFileReference; lastKnownFileType = sourcecode.swift; path = BillSubscription.swift; sourceTree = "<group>"; };
		8B5CAE22270CCFEC007CB9D5 /* ServicesHeader.swift */ = {isa = PBXFileReference; lastKnownFileType = sourcecode.swift; path = ServicesHeader.swift; sourceTree = "<group>"; };
		8B5D2F2D270191D800061322 /* HomeModule.swift */ = {isa = PBXFileReference; lastKnownFileType = sourcecode.swift; path = HomeModule.swift; sourceTree = "<group>"; };
		8B5D2F322701931C00061322 /* HomeViewController.swift */ = {isa = PBXFileReference; lastKnownFileType = sourcecode.swift; path = HomeViewController.swift; sourceTree = "<group>"; };
		8B5D2F34270193C800061322 /* HomePresenter.swift */ = {isa = PBXFileReference; lastKnownFileType = sourcecode.swift; path = HomePresenter.swift; sourceTree = "<group>"; };
		8B5D2F3A2701B45F00061322 /* AuthorizationModule.swift */ = {isa = PBXFileReference; lastKnownFileType = sourcecode.swift; path = AuthorizationModule.swift; sourceTree = "<group>"; };
		8B5D2F3F2701B57D00061322 /* AuthorizationViewController.swift */ = {isa = PBXFileReference; lastKnownFileType = sourcecode.swift; path = AuthorizationViewController.swift; sourceTree = "<group>"; };
		8B5D2F412701C4C400061322 /* AuthorizationInteractor.swift */ = {isa = PBXFileReference; lastKnownFileType = sourcecode.swift; path = AuthorizationInteractor.swift; sourceTree = "<group>"; };
		8B5D2F432701C55E00061322 /* AuthorizationPresenter.swift */ = {isa = PBXFileReference; lastKnownFileType = sourcecode.swift; path = AuthorizationPresenter.swift; sourceTree = "<group>"; };
		8B5E431726B1912700A7996B /* PDFDocumentBuilder.app */ = {isa = PBXFileReference; explicitFileType = wrapper.application; includeInIndex = 0; path = PDFDocumentBuilder.app; sourceTree = BUILT_PRODUCTS_DIR; };
		8B5E431A26B1912800A7996B /* AppDelegate.swift */ = {isa = PBXFileReference; lastKnownFileType = sourcecode.swift; path = AppDelegate.swift; sourceTree = "<group>"; };
		8B5E431C26B1912800A7996B /* SceneDelegate.swift */ = {isa = PBXFileReference; lastKnownFileType = sourcecode.swift; path = SceneDelegate.swift; sourceTree = "<group>"; };
		8B5E432326B1912900A7996B /* Assets.xcassets */ = {isa = PBXFileReference; lastKnownFileType = folder.assetcatalog; path = Assets.xcassets; sourceTree = "<group>"; };
		8B5E432626B1912900A7996B /* Base */ = {isa = PBXFileReference; lastKnownFileType = file.storyboard; name = Base; path = Base.lproj/LaunchScreen.storyboard; sourceTree = "<group>"; };
		8B5E432826B1912900A7996B /* Info.plist */ = {isa = PBXFileReference; lastKnownFileType = text.plist.xml; path = Info.plist; sourceTree = "<group>"; };
		8B5E432D26B1912A00A7996B /* PDFDocumentBuilderTests.xctest */ = {isa = PBXFileReference; explicitFileType = wrapper.cfbundle; includeInIndex = 0; path = PDFDocumentBuilderTests.xctest; sourceTree = BUILT_PRODUCTS_DIR; };
		8B5E433126B1912A00A7996B /* PDFDocumentBuilderTests.swift */ = {isa = PBXFileReference; lastKnownFileType = sourcecode.swift; path = PDFDocumentBuilderTests.swift; sourceTree = "<group>"; };
		8B5E433326B1912A00A7996B /* Info.plist */ = {isa = PBXFileReference; lastKnownFileType = text.plist.xml; path = Info.plist; sourceTree = "<group>"; };
		8B5E433826B1912A00A7996B /* PDFDocumentBuilderUITests.xctest */ = {isa = PBXFileReference; explicitFileType = wrapper.cfbundle; includeInIndex = 0; path = PDFDocumentBuilderUITests.xctest; sourceTree = BUILT_PRODUCTS_DIR; };
		8B5E433C26B1912A00A7996B /* PDFDocumentBuilderUITests.swift */ = {isa = PBXFileReference; lastKnownFileType = sourcecode.swift; path = PDFDocumentBuilderUITests.swift; sourceTree = "<group>"; };
		8B5E433E26B1912A00A7996B /* Info.plist */ = {isa = PBXFileReference; lastKnownFileType = text.plist.xml; path = Info.plist; sourceTree = "<group>"; };
		8B5E434B26B195C400A7996B /* ContractData.swift */ = {isa = PBXFileReference; lastKnownFileType = sourcecode.swift; path = ContractData.swift; sourceTree = "<group>"; };
		8B6ACC702703AF9C00127AA6 /* Recognition.swift */ = {isa = PBXFileReference; lastKnownFileType = sourcecode.swift; path = Recognition.swift; sourceTree = "<group>"; };
		8B6ACC722703B00C00127AA6 /* RecognitionService.swift */ = {isa = PBXFileReference; lastKnownFileType = sourcecode.swift; path = RecognitionService.swift; sourceTree = "<group>"; };
		8B6ACC742703B47900127AA6 /* PassportDataResponse.swift */ = {isa = PBXFileReference; lastKnownFileType = sourcecode.swift; path = PassportDataResponse.swift; sourceTree = "<group>"; };
		8B718AAD270A70FE006B9A9A /* ServiceCell.swift */ = {isa = PBXFileReference; lastKnownFileType = sourcecode.swift; path = ServiceCell.swift; sourceTree = "<group>"; };
		8B71C14C26FDD6EE003DC6BA /* ContractBodyController.swift */ = {isa = PBXFileReference; lastKnownFileType = sourcecode.swift; path = ContractBodyController.swift; sourceTree = "<group>"; };
		8B97FFAE270D8512008492B5 /* PDFPreviewSubscription.swift */ = {isa = PBXFileReference; lastKnownFileType = sourcecode.swift; path = PDFPreviewSubscription.swift; sourceTree = "<group>"; };
		8BA399892706450A00861B8B /* servicesCatalog.json */ = {isa = PBXFileReference; fileEncoding = 4; lastKnownFileType = text.json; path = servicesCatalog.json; sourceTree = "<group>"; };
		8BCE5C672701DE9600ED9A66 /* TokenResponse.swift */ = {isa = PBXFileReference; lastKnownFileType = sourcecode.swift; path = TokenResponse.swift; sourceTree = "<group>"; };
		8BCE5C692701E02F00ED9A66 /* Endpoint.swift */ = {isa = PBXFileReference; lastKnownFileType = sourcecode.swift; path = Endpoint.swift; sourceTree = "<group>"; };
		8BCE5C6D2701E5E300ED9A66 /* NetworkControllerProtocol.swift */ = {isa = PBXFileReference; lastKnownFileType = sourcecode.swift; path = NetworkControllerProtocol.swift; sourceTree = "<group>"; };
		8BCE5C6F2701E69C00ED9A66 /* NetworkController.swift */ = {isa = PBXFileReference; lastKnownFileType = sourcecode.swift; path = NetworkController.swift; sourceTree = "<group>"; };
		8BCE5C732701E7CF00ED9A66 /* Authorization.swift */ = {isa = PBXFileReference; lastKnownFileType = sourcecode.swift; path = Authorization.swift; sourceTree = "<group>"; };
		8BCE5C752701E83C00ED9A66 /* AuthorizationService.swift */ = {isa = PBXFileReference; lastKnownFileType = sourcecode.swift; path = AuthorizationService.swift; sourceTree = "<group>"; };
		8BEC53F9270C80AE00E53887 /* ServicesCountView.swift */ = {isa = PBXFileReference; lastKnownFileType = sourcecode.swift; path = ServicesCountView.swift; sourceTree = "<group>"; };
		8BEC53FB270C867100E53887 /* BillServiceCell.swift */ = {isa = PBXFileReference; lastKnownFileType = sourcecode.swift; path = BillServiceCell.swift; sourceTree = "<group>"; };
		8BEC53FF270C8A4F00E53887 /* ServiceCountAction.swift */ = {isa = PBXFileReference; lastKnownFileType = sourcecode.swift; path = ServiceCountAction.swift; sourceTree = "<group>"; };
		8BEC5402270C8BB800E53887 /* AddServiceCell.swift */ = {isa = PBXFileReference; lastKnownFileType = sourcecode.swift; path = AddServiceCell.swift; sourceTree = "<group>"; };
		8BEC5404270C8F3000E53887 /* ServiceCountTotal.swift */ = {isa = PBXFileReference; lastKnownFileType = sourcecode.swift; path = ServiceCountTotal.swift; sourceTree = "<group>"; };
		8BEC5406270C95AD00E53887 /* TotalCell.swift */ = {isa = PBXFileReference; lastKnownFileType = sourcecode.swift; path = TotalCell.swift; sourceTree = "<group>"; };
		8BEC5408270CA0EF00E53887 /* BillCellFactory.swift */ = {isa = PBXFileReference; lastKnownFileType = sourcecode.swift; path = BillCellFactory.swift; sourceTree = "<group>"; };
		8BEC540A270CA1F900E53887 /* BillCell.swift */ = {isa = PBXFileReference; lastKnownFileType = sourcecode.swift; path = BillCell.swift; sourceTree = "<group>"; };
/* End PBXFileReference section */

/* Begin PBXFrameworksBuildPhase section */
		8B5E431426B1912700A7996B /* Frameworks */ = {
			isa = PBXFrameworksBuildPhase;
			buildActionMask = 2147483647;
			files = (
			);
			runOnlyForDeploymentPostprocessing = 0;
		};
		8B5E432A26B1912A00A7996B /* Frameworks */ = {
			isa = PBXFrameworksBuildPhase;
			buildActionMask = 2147483647;
			files = (
			);
			runOnlyForDeploymentPostprocessing = 0;
		};
		8B5E433526B1912A00A7996B /* Frameworks */ = {
			isa = PBXFrameworksBuildPhase;
			buildActionMask = 2147483647;
			files = (
			);
			runOnlyForDeploymentPostprocessing = 0;
		};
/* End PBXFrameworksBuildPhase section */

/* Begin PBXGroup section */
		8B0B305627021156000D6755 /* DependencyContainer */ = {
			isa = PBXGroup;
			children = (
				8B0B30572702116E000D6755 /* DependencyContainer.swift */,
				8B0B3059270211D1000D6755 /* NetworkServiceDependencies.swift */,
				8B0B305B270211FE000D6755 /* DatabaseServiceDependencies.swift */,
			);
			path = DependencyContainer;
			sourceTree = "<group>";
		};
		8B1AA36C2702E39D00248D0B /* Database */ = {
			isa = PBXGroup;
			children = (
				8B1AA3742702E7FC00248D0B /* TokenDatabase */,
			);
			path = Database;
			sourceTree = "<group>";
		};
		8B1AA3742702E7FC00248D0B /* TokenDatabase */ = {
			isa = PBXGroup;
			children = (
				8B1AA36F2702E43300248D0B /* TokenModel.xcdatamodeld */,
				8B1AA36D2702E3D100248D0B /* TokenDatabase.swift */,
				8B1AA3722702E7AD00248D0B /* TokenDB.swift */,
			);
			path = TokenDatabase;
			sourceTree = "<group>";
		};
		8B1BCD29270650D2003F6B92 /* ServicesModule */ = {
			isa = PBXGroup;
			children = (
				8B1BCD2B270650F5003F6B92 /* View */,
				8B1BCD2A270650EC003F6B92 /* Presenter */,
				8B1BCD2C27065107003F6B92 /* ServicesModule.swift */,
			);
			path = ServicesModule;
			sourceTree = "<group>";
		};
		8B1BCD2A270650EC003F6B92 /* Presenter */ = {
			isa = PBXGroup;
			children = (
				8B1BCD3027065209003F6B92 /* ServicesPresenter.swift */,
			);
			path = Presenter;
			sourceTree = "<group>";
		};
		8B1BCD2B270650F5003F6B92 /* View */ = {
			isa = PBXGroup;
			children = (
				8B718AAC270A70C4006B9A9A /* CollectionView Items */,
				8B1BCD2E2706519D003F6B92 /* ServicesViewController.swift */,
			);
			path = View;
			sourceTree = "<group>";
		};
		8B21AD0D27032BC000E63DBA /* PassportDataModule */ = {
			isa = PBXGroup;
			children = (
				8B21AD0E27032BE100E63DBA /* View */,
				8B21AD1127032C8700E63DBA /* Presenter */,
				8B21AD18270343D500E63DBA /* Interactor */,
				8B21AD0F27032BF900E63DBA /* PassportDataModule.swift */,
			);
			path = PassportDataModule;
			sourceTree = "<group>";
		};
		8B21AD0E27032BE100E63DBA /* View */ = {
			isa = PBXGroup;
			children = (
				8B21AD1227032CA500E63DBA /* PassportDataViewController.swift */,
			);
			path = View;
			sourceTree = "<group>";
		};
		8B21AD1127032C8700E63DBA /* Presenter */ = {
			isa = PBXGroup;
			children = (
				8B21AD1427032CF500E63DBA /* PassportDataPresenter.swift */,
			);
			path = Presenter;
			sourceTree = "<group>";
		};
		8B21AD18270343D500E63DBA /* Interactor */ = {
			isa = PBXGroup;
			children = (
				8B21AD192703448000E63DBA /* PassportDataInteractor.swift */,
			);
			path = Interactor;
			sourceTree = "<group>";
		};
		8B3E112626F5197F00FBE02C /* Modules */ = {
			isa = PBXGroup;
			children = (
				8B3E112726F5199500FBE02C /* Base Module */,
				8B3E112E26F51A2E00FBE02C /* ModulesFactory */,
				8B5D2F392701B40700061322 /* AuthorizationModule */,
				8B5D2F2C270191A400061322 /* HomeModule */,
				8B21AD0D27032BC000E63DBA /* PassportDataModule */,
				8B1BCD29270650D2003F6B92 /* ServicesModule */,
				8B4BAEDB270C40DE0087AE3A /* BillModule */,
				8B3E113826F51B7F00FBE02C /* PDFPreviewModule */,
			);
			path = Modules;
			sourceTree = "<group>";
		};
		8B3E112726F5199500FBE02C /* Base Module */ = {
			isa = PBXGroup;
			children = (
				8B3E112826F519C300FBE02C /* View.swift */,
				8B3E112C26F51A0B00FBE02C /* Presenter.swift */,
				8B3E112A26F519EA00FBE02C /* Interactor.swift */,
			);
			path = "Base Module";
			sourceTree = "<group>";
		};
		8B3E112E26F51A2E00FBE02C /* ModulesFactory */ = {
			isa = PBXGroup;
			children = (
				8B3E112F26F51A5000FBE02C /* Modules.swift */,
				8B3E113126F51A7800FBE02C /* ModulesFactory.swift */,
			);
			path = ModulesFactory;
			sourceTree = "<group>";
		};
		8B3E113326F51ABD00FBE02C /* Coordinators */ = {
			isa = PBXGroup;
			children = (
				8B4B7525270216920071C92A /* Subscriptions */,
				8B3E113426F51AD800FBE02C /* Coordinator.swift */,
				8B3E113626F51AF800FBE02C /* MainCoordinator.swift */,
				8B4B7528270219D50071C92A /* HomeCoordinator.swift */,
				8B0B305427020FD6000D6755 /* AuthorizationCoordinator.swift */,
			);
			path = Coordinators;
			sourceTree = "<group>";
		};
		8B3E113826F51B7F00FBE02C /* PDFPreviewModule */ = {
			isa = PBXGroup;
			children = (
				8B3E113B26F51BD700FBE02C /* View */,
				8B3E113A26F51BCF00FBE02C /* Presenter */,
				8B3E113926F51B9A00FBE02C /* Interactor */,
				8B3E113C26F51BE700FBE02C /* PDFPreviewModule.swift */,
			);
			path = PDFPreviewModule;
			sourceTree = "<group>";
		};
		8B3E113926F51B9A00FBE02C /* Interactor */ = {
			isa = PBXGroup;
			children = (
				8B3E114026F51E3900FBE02C /* PDFPreviewInteractor.swift */,
			);
			path = Interactor;
			sourceTree = "<group>";
		};
		8B3E113A26F51BCF00FBE02C /* Presenter */ = {
			isa = PBXGroup;
			children = (
				8B3E113E26F51D6F00FBE02C /* PDFPreviewPresenter.swift */,
			);
			path = Presenter;
			sourceTree = "<group>";
		};
		8B3E113B26F51BD700FBE02C /* View */ = {
			isa = PBXGroup;
			children = (
				8B3006C226B1F05100DBC3AD /* PDFPreviewViewController.swift */,
				8B3E1B6427007689008B0CE1 /* PDFCreator */,
			);
			path = View;
			sourceTree = "<group>";
		};
		8B3E114426F6055200FBE02C /* Extensions */ = {
			isa = PBXGroup;
			children = (
				8B3E114526F6056700FBE02C /* DateFormatterExtension.swift */,
				8B11DD0A27090B6F0035BC49 /* Bundle-Decodable.swift */,
			);
			path = Extensions;
			sourceTree = "<group>";
		};
		8B3E1B632700765C008B0CE1 /* ContractBody */ = {
			isa = PBXGroup;
			children = (
				8B3006C426B1F24800DBC3AD /* ContractBody.swift */,
				8B71C14C26FDD6EE003DC6BA /* ContractBodyController.swift */,
			);
			path = ContractBody;
			sourceTree = "<group>";
		};
		8B3E1B6427007689008B0CE1 /* PDFCreator */ = {
			isa = PBXGroup;
			children = (
				8B3006C026B1E72700DBC3AD /* PDFCreator.swift */,
				8B3E1B632700765C008B0CE1 /* ContractBody */,
			);
			path = PDFCreator;
			sourceTree = "<group>";
		};
		8B4B7525270216920071C92A /* Subscriptions */ = {
			isa = PBXGroup;
			children = (
				8B4B7526270216A80071C92A /* HomeSubscription.swift */,
				8B21AD1627032F5F00E63DBA /* PassportDataSubscription.swift */,
				8B1BCD34270653F4003F6B92 /* ServicesSubscription.swift */,
				8B4BAEE4270C43450087AE3A /* BillSubscription.swift */,
				8B97FFAE270D8512008492B5 /* PDFPreviewSubscription.swift */,
			);
			path = Subscriptions;
			sourceTree = "<group>";
		};
		8B4BAEDB270C40DE0087AE3A /* BillModule */ = {
			isa = PBXGroup;
			children = (
				8B4BAEDF270C414C0087AE3A /* View */,
				8B4BAEDE270C41430087AE3A /* Presenter */,
				8B4BAEDC270C40F60087AE3A /* BillModule.swift */,
			);
			path = BillModule;
			sourceTree = "<group>";
		};
		8B4BAEDE270C41430087AE3A /* Presenter */ = {
			isa = PBXGroup;
			children = (
				8B4BAEE2270C41BD0087AE3A /* BillPresenter.swift */,
			);
			path = Presenter;
			sourceTree = "<group>";
		};
		8B4BAEDF270C414C0087AE3A /* View */ = {
			isa = PBXGroup;
			children = (
				8BEC53F8270C7FFE00E53887 /* ServicesCountView */,
				8B4BAEE0270C41660087AE3A /* BillViewController.swift */,
			);
			path = View;
			sourceTree = "<group>";
		};
		8B5CAE21270CCFB1007CB9D5 /* Supplementaries */ = {
			isa = PBXGroup;
			children = (
				8B5CAE22270CCFEC007CB9D5 /* ServicesHeader.swift */,
			);
			path = Supplementaries;
			sourceTree = "<group>";
		};
		8B5D2F2C270191A400061322 /* HomeModule */ = {
			isa = PBXGroup;
			children = (
				8B5D2F2F270191E300061322 /* View */,
				8B5D2F30270191E900061322 /* Presenter */,
				8B5D2F2D270191D800061322 /* HomeModule.swift */,
			);
			path = HomeModule;
			sourceTree = "<group>";
		};
		8B5D2F2F270191E300061322 /* View */ = {
			isa = PBXGroup;
			children = (
				8B5D2F322701931C00061322 /* HomeViewController.swift */,
			);
			path = View;
			sourceTree = "<group>";
		};
		8B5D2F30270191E900061322 /* Presenter */ = {
			isa = PBXGroup;
			children = (
				8B5D2F34270193C800061322 /* HomePresenter.swift */,
			);
			path = Presenter;
			sourceTree = "<group>";
		};
		8B5D2F392701B40700061322 /* AuthorizationModule */ = {
			isa = PBXGroup;
			children = (
				8B5D2F3E2701B56200061322 /* View */,
				8B5D2F3D2701B55B00061322 /* Presenter */,
				8B5D2F3C2701B55300061322 /* Interactor */,
				8B5D2F3A2701B45F00061322 /* AuthorizationModule.swift */,
			);
			path = AuthorizationModule;
			sourceTree = "<group>";
		};
		8B5D2F3C2701B55300061322 /* Interactor */ = {
			isa = PBXGroup;
			children = (
				8B5D2F412701C4C400061322 /* AuthorizationInteractor.swift */,
			);
			path = Interactor;
			sourceTree = "<group>";
		};
		8B5D2F3D2701B55B00061322 /* Presenter */ = {
			isa = PBXGroup;
			children = (
				8B5D2F432701C55E00061322 /* AuthorizationPresenter.swift */,
			);
			path = Presenter;
			sourceTree = "<group>";
		};
		8B5D2F3E2701B56200061322 /* View */ = {
			isa = PBXGroup;
			children = (
				8B5D2F3F2701B57D00061322 /* AuthorizationViewController.swift */,
			);
			path = View;
			sourceTree = "<group>";
		};
		8B5E430E26B1912700A7996B = {
			isa = PBXGroup;
			children = (
				8B5E431926B1912700A7996B /* PDFDocumentBuilder */,
				8B5E433026B1912A00A7996B /* PDFDocumentBuilderTests */,
				8B5E433B26B1912A00A7996B /* PDFDocumentBuilderUITests */,
				8B5E431826B1912700A7996B /* Products */,
			);
			sourceTree = "<group>";
		};
		8B5E431826B1912700A7996B /* Products */ = {
			isa = PBXGroup;
			children = (
				8B5E431726B1912700A7996B /* PDFDocumentBuilder.app */,
				8B5E432D26B1912A00A7996B /* PDFDocumentBuilderTests.xctest */,
				8B5E433826B1912A00A7996B /* PDFDocumentBuilderUITests.xctest */,
			);
			name = Products;
			sourceTree = "<group>";
		};
		8B5E431926B1912700A7996B /* PDFDocumentBuilder */ = {
			isa = PBXGroup;
			children = (
				8B5E434A26B1916A00A7996B /* Application */,
				8B3E113326F51ABD00FBE02C /* Coordinators */,
				8B1AA36C2702E39D00248D0B /* Database */,
				8BCE5C652701DDF000ED9A66 /* Network */,
				8B0B305627021156000D6755 /* DependencyContainer */,
				8B3E112626F5197F00FBE02C /* Modules */,
				8B5E434B26B195C400A7996B /* ContractData.swift */,
			);
			path = PDFDocumentBuilder;
			sourceTree = "<group>";
		};
		8B5E433026B1912A00A7996B /* PDFDocumentBuilderTests */ = {
			isa = PBXGroup;
			children = (
				8B5E433126B1912A00A7996B /* PDFDocumentBuilderTests.swift */,
				8B5E433326B1912A00A7996B /* Info.plist */,
			);
			path = PDFDocumentBuilderTests;
			sourceTree = "<group>";
		};
		8B5E433B26B1912A00A7996B /* PDFDocumentBuilderUITests */ = {
			isa = PBXGroup;
			children = (
				8B5E433C26B1912A00A7996B /* PDFDocumentBuilderUITests.swift */,
				8B5E433E26B1912A00A7996B /* Info.plist */,
			);
			path = PDFDocumentBuilderUITests;
			sourceTree = "<group>";
		};
		8B5E434A26B1916A00A7996B /* Application */ = {
			isa = PBXGroup;
			children = (
				8BA39988270644F400861B8B /* JSON */,
				8B3E114426F6055200FBE02C /* Extensions */,
				8B5E431A26B1912800A7996B /* AppDelegate.swift */,
				8B5E431C26B1912800A7996B /* SceneDelegate.swift */,
				8B5E432326B1912900A7996B /* Assets.xcassets */,
				8B5E432526B1912900A7996B /* LaunchScreen.storyboard */,
				8B5E432826B1912900A7996B /* Info.plist */,
			);
			path = Application;
			sourceTree = "<group>";
		};
		8B6ACC6F2703A78300127AA6 /* RecognitionService */ = {
			isa = PBXGroup;
			children = (
				8B6ACC702703AF9C00127AA6 /* Recognition.swift */,
				8B6ACC722703B00C00127AA6 /* RecognitionService.swift */,
			);
			path = RecognitionService;
			sourceTree = "<group>";
		};
		8B6E4F042702F2C300373F29 /* AuthorizationService */ = {
			isa = PBXGroup;
			children = (
				8BCE5C732701E7CF00ED9A66 /* Authorization.swift */,
				8BCE5C752701E83C00ED9A66 /* AuthorizationService.swift */,
			);
			path = AuthorizationService;
			sourceTree = "<group>";
		};
		8B718AAC270A70C4006B9A9A /* CollectionView Items */ = {
			isa = PBXGroup;
			children = (
				8B718AAD270A70FE006B9A9A /* ServiceCell.swift */,
			);
			path = "CollectionView Items";
			sourceTree = "<group>";
		};
		8BA39988270644F400861B8B /* JSON */ = {
			isa = PBXGroup;
			children = (
				8BA399892706450A00861B8B /* servicesCatalog.json */,
			);
			path = JSON;
			sourceTree = "<group>";
		};
		8BCE5C652701DDF000ED9A66 /* Network */ = {
			isa = PBXGroup;
			children = (
				8BCE5C662701DE7A00ED9A66 /* Models */,
				8BCE5C692701E02F00ED9A66 /* Endpoint.swift */,
				8BCE5C722701E79700ED9A66 /* NetworkController */,
				8BCE5C772701F19F00ED9A66 /* NetworkServices */,
			);
			path = Network;
			sourceTree = "<group>";
		};
		8BCE5C662701DE7A00ED9A66 /* Models */ = {
			isa = PBXGroup;
			children = (
				8BCE5C672701DE9600ED9A66 /* TokenResponse.swift */,
				8B6ACC742703B47900127AA6 /* PassportDataResponse.swift */,
			);
			path = Models;
			sourceTree = "<group>";
		};
		8BCE5C722701E79700ED9A66 /* NetworkController */ = {
			isa = PBXGroup;
			children = (
				8BCE5C6D2701E5E300ED9A66 /* NetworkControllerProtocol.swift */,
				8BCE5C6F2701E69C00ED9A66 /* NetworkController.swift */,
			);
			path = NetworkController;
			sourceTree = "<group>";
		};
		8BCE5C772701F19F00ED9A66 /* NetworkServices */ = {
			isa = PBXGroup;
			children = (
				8B6E4F042702F2C300373F29 /* AuthorizationService */,
				8B6ACC6F2703A78300127AA6 /* RecognitionService */,
			);
			path = NetworkServices;
			sourceTree = "<group>";
		};
		8BEC53F8270C7FFE00E53887 /* ServicesCountView */ = {
			isa = PBXGroup;
			children = (
				8BEC53FD270C86E600E53887 /* CollectionView Items */,
				8BEC53F9270C80AE00E53887 /* ServicesCountView.swift */,
			);
			path = ServicesCountView;
			sourceTree = "<group>";
		};
		8BEC53FD270C86E600E53887 /* CollectionView Items */ = {
			isa = PBXGroup;
			children = (
				8B5CAE21270CCFB1007CB9D5 /* Supplementaries */,
				8BEC5401270C8B8C00E53887 /* Cells */,
				8BEC53FE270C8A3800E53887 /* Models */,
				8BEC5408270CA0EF00E53887 /* BillCellFactory.swift */,
			);
			path = "CollectionView Items";
			sourceTree = "<group>";
		};
		8BEC53FE270C8A3800E53887 /* Models */ = {
			isa = PBXGroup;
			children = (
				8BEC53FF270C8A4F00E53887 /* ServiceCountAction.swift */,
				8BEC5404270C8F3000E53887 /* ServiceCountTotal.swift */,
			);
			path = Models;
			sourceTree = "<group>";
		};
		8BEC5401270C8B8C00E53887 /* Cells */ = {
			isa = PBXGroup;
			children = (
				8BEC540C270CA23800E53887 /* Interface */,
				8BEC53FB270C867100E53887 /* BillServiceCell.swift */,
				8BEC5402270C8BB800E53887 /* AddServiceCell.swift */,
				8BEC5406270C95AD00E53887 /* TotalCell.swift */,
			);
			path = Cells;
			sourceTree = "<group>";
		};
		8BEC540C270CA23800E53887 /* Interface */ = {
			isa = PBXGroup;
			children = (
				8BEC540A270CA1F900E53887 /* BillCell.swift */,
			);
			path = Interface;
			sourceTree = "<group>";
		};
/* End PBXGroup section */

/* Begin PBXNativeTarget section */
		8B5E431626B1912700A7996B /* PDFDocumentBuilder */ = {
			isa = PBXNativeTarget;
			buildConfigurationList = 8B5E434126B1912A00A7996B /* Build configuration list for PBXNativeTarget "PDFDocumentBuilder" */;
			buildPhases = (
				8BDE90D326F7470D00E095D9 /* ShellScript */,
				8B5E431326B1912700A7996B /* Sources */,
				8B5E431426B1912700A7996B /* Frameworks */,
				8B5E431526B1912700A7996B /* Resources */,
			);
			buildRules = (
			);
			dependencies = (
			);
			name = PDFDocumentBuilder;
			productName = PDFDocumentBuilder;
			productReference = 8B5E431726B1912700A7996B /* PDFDocumentBuilder.app */;
			productType = "com.apple.product-type.application";
		};
		8B5E432C26B1912A00A7996B /* PDFDocumentBuilderTests */ = {
			isa = PBXNativeTarget;
			buildConfigurationList = 8B5E434426B1912A00A7996B /* Build configuration list for PBXNativeTarget "PDFDocumentBuilderTests" */;
			buildPhases = (
				8B5E432926B1912A00A7996B /* Sources */,
				8B5E432A26B1912A00A7996B /* Frameworks */,
				8B5E432B26B1912A00A7996B /* Resources */,
			);
			buildRules = (
			);
			dependencies = (
				8B5E432F26B1912A00A7996B /* PBXTargetDependency */,
			);
			name = PDFDocumentBuilderTests;
			productName = PDFDocumentBuilderTests;
			productReference = 8B5E432D26B1912A00A7996B /* PDFDocumentBuilderTests.xctest */;
			productType = "com.apple.product-type.bundle.unit-test";
		};
		8B5E433726B1912A00A7996B /* PDFDocumentBuilderUITests */ = {
			isa = PBXNativeTarget;
			buildConfigurationList = 8B5E434726B1912A00A7996B /* Build configuration list for PBXNativeTarget "PDFDocumentBuilderUITests" */;
			buildPhases = (
				8B5E433426B1912A00A7996B /* Sources */,
				8B5E433526B1912A00A7996B /* Frameworks */,
				8B5E433626B1912A00A7996B /* Resources */,
			);
			buildRules = (
			);
			dependencies = (
				8B5E433A26B1912A00A7996B /* PBXTargetDependency */,
			);
			name = PDFDocumentBuilderUITests;
			productName = PDFDocumentBuilderUITests;
			productReference = 8B5E433826B1912A00A7996B /* PDFDocumentBuilderUITests.xctest */;
			productType = "com.apple.product-type.bundle.ui-testing";
		};
/* End PBXNativeTarget section */

/* Begin PBXProject section */
		8B5E430F26B1912700A7996B /* Project object */ = {
			isa = PBXProject;
			attributes = {
				LastSwiftUpdateCheck = 1250;
				LastUpgradeCheck = 1250;
				TargetAttributes = {
					8B5E431626B1912700A7996B = {
						CreatedOnToolsVersion = 12.5.1;
					};
					8B5E432C26B1912A00A7996B = {
						CreatedOnToolsVersion = 12.5.1;
						TestTargetID = 8B5E431626B1912700A7996B;
					};
					8B5E433726B1912A00A7996B = {
						CreatedOnToolsVersion = 12.5.1;
						TestTargetID = 8B5E431626B1912700A7996B;
					};
				};
			};
			buildConfigurationList = 8B5E431226B1912700A7996B /* Build configuration list for PBXProject "PDFDocumentBuilder" */;
			compatibilityVersion = "Xcode 9.3";
			developmentRegion = en;
			hasScannedForEncodings = 0;
			knownRegions = (
				en,
				Base,
			);
			mainGroup = 8B5E430E26B1912700A7996B;
			productRefGroup = 8B5E431826B1912700A7996B /* Products */;
			projectDirPath = "";
			projectRoot = "";
			targets = (
				8B5E431626B1912700A7996B /* PDFDocumentBuilder */,
				8B5E432C26B1912A00A7996B /* PDFDocumentBuilderTests */,
				8B5E433726B1912A00A7996B /* PDFDocumentBuilderUITests */,
			);
		};
/* End PBXProject section */

/* Begin PBXResourcesBuildPhase section */
		8B5E431526B1912700A7996B /* Resources */ = {
			isa = PBXResourcesBuildPhase;
			buildActionMask = 2147483647;
			files = (
				8BA3998A2706450A00861B8B /* servicesCatalog.json in Resources */,
				8B5E432726B1912900A7996B /* LaunchScreen.storyboard in Resources */,
				8B5E432426B1912900A7996B /* Assets.xcassets in Resources */,
			);
			runOnlyForDeploymentPostprocessing = 0;
		};
		8B5E432B26B1912A00A7996B /* Resources */ = {
			isa = PBXResourcesBuildPhase;
			buildActionMask = 2147483647;
			files = (
			);
			runOnlyForDeploymentPostprocessing = 0;
		};
		8B5E433626B1912A00A7996B /* Resources */ = {
			isa = PBXResourcesBuildPhase;
			buildActionMask = 2147483647;
			files = (
			);
			runOnlyForDeploymentPostprocessing = 0;
		};
/* End PBXResourcesBuildPhase section */

/* Begin PBXShellScriptBuildPhase section */
		8BDE90D326F7470D00E095D9 /* ShellScript */ = {
			isa = PBXShellScriptBuildPhase;
			buildActionMask = 2147483647;
			files = (
			);
			inputFileListPaths = (
			);
			inputPaths = (
			);
			outputFileListPaths = (
			);
			outputPaths = (
			);
			runOnlyForDeploymentPostprocessing = 0;
			shellPath = /bin/sh;
			shellScript = "if which swiftlint >/dev/null; then\n  swiftlint\nelse\n  echo \"warning: SwiftLint not installed, download from https://github.com/realm/SwiftLint\"\nfi\n";
		};
/* End PBXShellScriptBuildPhase section */

/* Begin PBXSourcesBuildPhase section */
		8B5E431326B1912700A7996B /* Sources */ = {
			isa = PBXSourcesBuildPhase;
			buildActionMask = 2147483647;
			files = (
				8B1AA3732702E7AD00248D0B /* TokenDB.swift in Sources */,
				8BEC5407270C95AD00E53887 /* TotalCell.swift in Sources */,
				8B3E112D26F51A0B00FBE02C /* Presenter.swift in Sources */,
				8BEC53FA270C80AE00E53887 /* ServicesCountView.swift in Sources */,
				8B6ACC752703B47900127AA6 /* PassportDataResponse.swift in Sources */,
				8B21AD1027032BF900E63DBA /* PassportDataModule.swift in Sources */,
				8B3E113226F51A7800FBE02C /* ModulesFactory.swift in Sources */,
				8B11DD0B27090B6F0035BC49 /* Bundle-Decodable.swift in Sources */,
				8BCE5C742701E7CF00ED9A66 /* Authorization.swift in Sources */,
				8BEC5409270CA0EF00E53887 /* BillCellFactory.swift in Sources */,
				8B6ACC732703B00C00127AA6 /* RecognitionService.swift in Sources */,
				8B4BAEE1270C41660087AE3A /* BillViewController.swift in Sources */,
				8B1BCD2D27065107003F6B92 /* ServicesModule.swift in Sources */,
				8B4B7527270216A80071C92A /* HomeSubscription.swift in Sources */,
				8B3E114626F6056700FBE02C /* DateFormatterExtension.swift in Sources */,
				8B21AD1327032CA500E63DBA /* PassportDataViewController.swift in Sources */,
				8B5E434C26B195C400A7996B /* ContractData.swift in Sources */,
				8B1BCD35270653F4003F6B92 /* ServicesSubscription.swift in Sources */,
				8BEC5405270C8F3000E53887 /* ServiceCountTotal.swift in Sources */,
				8B3006C526B1F24800DBC3AD /* ContractBody.swift in Sources */,
				8B0B305A270211D1000D6755 /* NetworkServiceDependencies.swift in Sources */,
				8B4BAEE5270C43450087AE3A /* BillSubscription.swift in Sources */,
				8B21AD1727032F5F00E63DBA /* PassportDataSubscription.swift in Sources */,
				8B718AAE270A70FE006B9A9A /* ServiceCell.swift in Sources */,
				8B21AD1527032CF500E63DBA /* PassportDataPresenter.swift in Sources */,
				8B4B7529270219D50071C92A /* HomeCoordinator.swift in Sources */,
				8B5D2F332701931C00061322 /* HomeViewController.swift in Sources */,
				8B5E431B26B1912800A7996B /* AppDelegate.swift in Sources */,
				8B5E431D26B1912800A7996B /* SceneDelegate.swift in Sources */,
				8BEC53FC270C867100E53887 /* BillServiceCell.swift in Sources */,
				8B5D2F442701C55E00061322 /* AuthorizationPresenter.swift in Sources */,
				8B97FFAF270D8512008492B5 /* PDFPreviewSubscription.swift in Sources */,
				8B6ACC712703AF9C00127AA6 /* Recognition.swift in Sources */,
				8B3006C126B1E72700DBC3AD /* PDFCreator.swift in Sources */,
				8B5D2F3B2701B45F00061322 /* AuthorizationModule.swift in Sources */,
				8B1BCD2F2706519D003F6B92 /* ServicesViewController.swift in Sources */,
				8BEC5403270C8BB800E53887 /* AddServiceCell.swift in Sources */,
				8B5CAE23270CCFEC007CB9D5 /* ServicesHeader.swift in Sources */,
				8B5D2F2E270191D800061322 /* HomeModule.swift in Sources */,
				8B3E112926F519C300FBE02C /* View.swift in Sources */,
				8BCE5C682701DE9600ED9A66 /* TokenResponse.swift in Sources */,
				8BEC540B270CA1F900E53887 /* BillCell.swift in Sources */,
				8BCE5C6A2701E02F00ED9A66 /* Endpoint.swift in Sources */,
				8B5D2F422701C4C400061322 /* AuthorizationInteractor.swift in Sources */,
				8B5D2F402701B57D00061322 /* AuthorizationViewController.swift in Sources */,
				8B0B305C270211FE000D6755 /* DatabaseServiceDependencies.swift in Sources */,
				8B71C14D26FDD6EE003DC6BA /* ContractBodyController.swift in Sources */,
				8BCE5C762701E83C00ED9A66 /* AuthorizationService.swift in Sources */,
				8B3E113F26F51D6F00FBE02C /* PDFPreviewPresenter.swift in Sources */,
				8B0B30582702116E000D6755 /* DependencyContainer.swift in Sources */,
				8B3E113526F51AD800FBE02C /* Coordinator.swift in Sources */,
				8B1BCD3127065209003F6B92 /* ServicesPresenter.swift in Sources */,
				8B1AA36E2702E3D100248D0B /* TokenDatabase.swift in Sources */,
				8B3E113026F51A5000FBE02C /* Modules.swift in Sources */,
				8B0B305527020FD6000D6755 /* AuthorizationCoordinator.swift in Sources */,
				8B3E113726F51AF800FBE02C /* MainCoordinator.swift in Sources */,
				8BCE5C702701E69C00ED9A66 /* NetworkController.swift in Sources */,
				8B1AA3712702E43300248D0B /* TokenModel.xcdatamodeld in Sources */,
				8B3E114126F51E3900FBE02C /* PDFPreviewInteractor.swift in Sources */,
				8B3E112B26F519EA00FBE02C /* Interactor.swift in Sources */,
				8B4BAEE3270C41BD0087AE3A /* BillPresenter.swift in Sources */,
				8BEC5400270C8A4F00E53887 /* ServiceCountAction.swift in Sources */,
				8B3006C326B1F05100DBC3AD /* PDFPreviewViewController.swift in Sources */,
				8B3E113D26F51BE700FBE02C /* PDFPreviewModule.swift in Sources */,
				8B4BAEDD270C40F60087AE3A /* BillModule.swift in Sources */,
				8BCE5C6E2701E5E300ED9A66 /* NetworkControllerProtocol.swift in Sources */,
				8B21AD1A2703448000E63DBA /* PassportDataInteractor.swift in Sources */,
				8B5D2F35270193C800061322 /* HomePresenter.swift in Sources */,
			);
			runOnlyForDeploymentPostprocessing = 0;
		};
		8B5E432926B1912A00A7996B /* Sources */ = {
			isa = PBXSourcesBuildPhase;
			buildActionMask = 2147483647;
			files = (
				8B5E433226B1912A00A7996B /* PDFDocumentBuilderTests.swift in Sources */,
			);
			runOnlyForDeploymentPostprocessing = 0;
		};
		8B5E433426B1912A00A7996B /* Sources */ = {
			isa = PBXSourcesBuildPhase;
			buildActionMask = 2147483647;
			files = (
				8B5E433D26B1912A00A7996B /* PDFDocumentBuilderUITests.swift in Sources */,
			);
			runOnlyForDeploymentPostprocessing = 0;
		};
/* End PBXSourcesBuildPhase section */

/* Begin PBXTargetDependency section */
		8B5E432F26B1912A00A7996B /* PBXTargetDependency */ = {
			isa = PBXTargetDependency;
			target = 8B5E431626B1912700A7996B /* PDFDocumentBuilder */;
			targetProxy = 8B5E432E26B1912A00A7996B /* PBXContainerItemProxy */;
		};
		8B5E433A26B1912A00A7996B /* PBXTargetDependency */ = {
			isa = PBXTargetDependency;
			target = 8B5E431626B1912700A7996B /* PDFDocumentBuilder */;
			targetProxy = 8B5E433926B1912A00A7996B /* PBXContainerItemProxy */;
		};
/* End PBXTargetDependency section */

/* Begin PBXVariantGroup section */
		8B5E432526B1912900A7996B /* LaunchScreen.storyboard */ = {
			isa = PBXVariantGroup;
			children = (
				8B5E432626B1912900A7996B /* Base */,
			);
			name = LaunchScreen.storyboard;
			sourceTree = "<group>";
		};
/* End PBXVariantGroup section */

/* Begin XCBuildConfiguration section */
		8B5E433F26B1912A00A7996B /* Debug */ = {
			isa = XCBuildConfiguration;
			buildSettings = {
				ALWAYS_SEARCH_USER_PATHS = NO;
				CLANG_ANALYZER_NONNULL = YES;
				CLANG_ANALYZER_NUMBER_OBJECT_CONVERSION = YES_AGGRESSIVE;
				CLANG_CXX_LANGUAGE_STANDARD = "gnu++14";
				CLANG_CXX_LIBRARY = "libc++";
				CLANG_ENABLE_MODULES = YES;
				CLANG_ENABLE_OBJC_ARC = YES;
				CLANG_ENABLE_OBJC_WEAK = YES;
				CLANG_WARN_BLOCK_CAPTURE_AUTORELEASING = YES;
				CLANG_WARN_BOOL_CONVERSION = YES;
				CLANG_WARN_COMMA = YES;
				CLANG_WARN_CONSTANT_CONVERSION = YES;
				CLANG_WARN_DEPRECATED_OBJC_IMPLEMENTATIONS = YES;
				CLANG_WARN_DIRECT_OBJC_ISA_USAGE = YES_ERROR;
				CLANG_WARN_DOCUMENTATION_COMMENTS = YES;
				CLANG_WARN_EMPTY_BODY = YES;
				CLANG_WARN_ENUM_CONVERSION = YES;
				CLANG_WARN_INFINITE_RECURSION = YES;
				CLANG_WARN_INT_CONVERSION = YES;
				CLANG_WARN_NON_LITERAL_NULL_CONVERSION = YES;
				CLANG_WARN_OBJC_IMPLICIT_RETAIN_SELF = YES;
				CLANG_WARN_OBJC_LITERAL_CONVERSION = YES;
				CLANG_WARN_OBJC_ROOT_CLASS = YES_ERROR;
				CLANG_WARN_QUOTED_INCLUDE_IN_FRAMEWORK_HEADER = YES;
				CLANG_WARN_RANGE_LOOP_ANALYSIS = YES;
				CLANG_WARN_STRICT_PROTOTYPES = YES;
				CLANG_WARN_SUSPICIOUS_MOVE = YES;
				CLANG_WARN_UNGUARDED_AVAILABILITY = YES_AGGRESSIVE;
				CLANG_WARN_UNREACHABLE_CODE = YES;
				CLANG_WARN__DUPLICATE_METHOD_MATCH = YES;
				COPY_PHASE_STRIP = NO;
				DEBUG_INFORMATION_FORMAT = dwarf;
				ENABLE_STRICT_OBJC_MSGSEND = YES;
				ENABLE_TESTABILITY = YES;
				GCC_C_LANGUAGE_STANDARD = gnu11;
				GCC_DYNAMIC_NO_PIC = NO;
				GCC_NO_COMMON_BLOCKS = YES;
				GCC_OPTIMIZATION_LEVEL = 0;
				GCC_PREPROCESSOR_DEFINITIONS = (
					"DEBUG=1",
					"$(inherited)",
				);
				GCC_WARN_64_TO_32_BIT_CONVERSION = YES;
				GCC_WARN_ABOUT_RETURN_TYPE = YES_ERROR;
				GCC_WARN_UNDECLARED_SELECTOR = YES;
				GCC_WARN_UNINITIALIZED_AUTOS = YES_AGGRESSIVE;
				GCC_WARN_UNUSED_FUNCTION = YES;
				GCC_WARN_UNUSED_VARIABLE = YES;
				IPHONEOS_DEPLOYMENT_TARGET = 13.0;
				MTL_ENABLE_DEBUG_INFO = INCLUDE_SOURCE;
				MTL_FAST_MATH = YES;
				ONLY_ACTIVE_ARCH = YES;
				SDKROOT = iphoneos;
				SWIFT_ACTIVE_COMPILATION_CONDITIONS = DEBUG;
				SWIFT_OPTIMIZATION_LEVEL = "-Onone";
			};
			name = Debug;
		};
		8B5E434026B1912A00A7996B /* Release */ = {
			isa = XCBuildConfiguration;
			buildSettings = {
				ALWAYS_SEARCH_USER_PATHS = NO;
				CLANG_ANALYZER_NONNULL = YES;
				CLANG_ANALYZER_NUMBER_OBJECT_CONVERSION = YES_AGGRESSIVE;
				CLANG_CXX_LANGUAGE_STANDARD = "gnu++14";
				CLANG_CXX_LIBRARY = "libc++";
				CLANG_ENABLE_MODULES = YES;
				CLANG_ENABLE_OBJC_ARC = YES;
				CLANG_ENABLE_OBJC_WEAK = YES;
				CLANG_WARN_BLOCK_CAPTURE_AUTORELEASING = YES;
				CLANG_WARN_BOOL_CONVERSION = YES;
				CLANG_WARN_COMMA = YES;
				CLANG_WARN_CONSTANT_CONVERSION = YES;
				CLANG_WARN_DEPRECATED_OBJC_IMPLEMENTATIONS = YES;
				CLANG_WARN_DIRECT_OBJC_ISA_USAGE = YES_ERROR;
				CLANG_WARN_DOCUMENTATION_COMMENTS = YES;
				CLANG_WARN_EMPTY_BODY = YES;
				CLANG_WARN_ENUM_CONVERSION = YES;
				CLANG_WARN_INFINITE_RECURSION = YES;
				CLANG_WARN_INT_CONVERSION = YES;
				CLANG_WARN_NON_LITERAL_NULL_CONVERSION = YES;
				CLANG_WARN_OBJC_IMPLICIT_RETAIN_SELF = YES;
				CLANG_WARN_OBJC_LITERAL_CONVERSION = YES;
				CLANG_WARN_OBJC_ROOT_CLASS = YES_ERROR;
				CLANG_WARN_QUOTED_INCLUDE_IN_FRAMEWORK_HEADER = YES;
				CLANG_WARN_RANGE_LOOP_ANALYSIS = YES;
				CLANG_WARN_STRICT_PROTOTYPES = YES;
				CLANG_WARN_SUSPICIOUS_MOVE = YES;
				CLANG_WARN_UNGUARDED_AVAILABILITY = YES_AGGRESSIVE;
				CLANG_WARN_UNREACHABLE_CODE = YES;
				CLANG_WARN__DUPLICATE_METHOD_MATCH = YES;
				COPY_PHASE_STRIP = NO;
				DEBUG_INFORMATION_FORMAT = "dwarf-with-dsym";
				ENABLE_NS_ASSERTIONS = NO;
				ENABLE_STRICT_OBJC_MSGSEND = YES;
				GCC_C_LANGUAGE_STANDARD = gnu11;
				GCC_NO_COMMON_BLOCKS = YES;
				GCC_WARN_64_TO_32_BIT_CONVERSION = YES;
				GCC_WARN_ABOUT_RETURN_TYPE = YES_ERROR;
				GCC_WARN_UNDECLARED_SELECTOR = YES;
				GCC_WARN_UNINITIALIZED_AUTOS = YES_AGGRESSIVE;
				GCC_WARN_UNUSED_FUNCTION = YES;
				GCC_WARN_UNUSED_VARIABLE = YES;
				IPHONEOS_DEPLOYMENT_TARGET = 13.0;
				MTL_ENABLE_DEBUG_INFO = NO;
				MTL_FAST_MATH = YES;
				SDKROOT = iphoneos;
				SWIFT_COMPILATION_MODE = wholemodule;
				SWIFT_OPTIMIZATION_LEVEL = "-O";
				VALIDATE_PRODUCT = YES;
			};
			name = Release;
		};
		8B5E434226B1912A00A7996B /* Debug */ = {
			isa = XCBuildConfiguration;
			buildSettings = {
				ASSETCATALOG_COMPILER_APPICON_NAME = AppIcon;
				ASSETCATALOG_COMPILER_GLOBAL_ACCENT_COLOR_NAME = AccentColor;
				CODE_SIGN_STYLE = Automatic;
				DEVELOPMENT_TEAM = WQ6FU7ZZ8T;
				INFOPLIST_FILE = PDFDocumentBuilder/Application/Info.plist;
				IPHONEOS_DEPLOYMENT_TARGET = 13.0;
				LD_RUNPATH_SEARCH_PATHS = (
					"$(inherited)",
					"@executable_path/Frameworks",
				);
				PRODUCT_BUNDLE_IDENTIFIER = qq.PDFDocumentBuilder;
				PRODUCT_NAME = "$(TARGET_NAME)";
				SWIFT_VERSION = 5.0;
				TARGETED_DEVICE_FAMILY = 1;
			};
			name = Debug;
		};
		8B5E434326B1912A00A7996B /* Release */ = {
			isa = XCBuildConfiguration;
			buildSettings = {
				ASSETCATALOG_COMPILER_APPICON_NAME = AppIcon;
				ASSETCATALOG_COMPILER_GLOBAL_ACCENT_COLOR_NAME = AccentColor;
				CODE_SIGN_STYLE = Automatic;
				DEVELOPMENT_TEAM = WQ6FU7ZZ8T;
				INFOPLIST_FILE = PDFDocumentBuilder/Application/Info.plist;
				IPHONEOS_DEPLOYMENT_TARGET = 13.0;
				LD_RUNPATH_SEARCH_PATHS = (
					"$(inherited)",
					"@executable_path/Frameworks",
				);
				PRODUCT_BUNDLE_IDENTIFIER = qq.PDFDocumentBuilder;
				PRODUCT_NAME = "$(TARGET_NAME)";
				SWIFT_VERSION = 5.0;
				TARGETED_DEVICE_FAMILY = 1;
			};
			name = Release;
		};
		8B5E434526B1912A00A7996B /* Debug */ = {
			isa = XCBuildConfiguration;
			buildSettings = {
				ALWAYS_EMBED_SWIFT_STANDARD_LIBRARIES = YES;
				BUNDLE_LOADER = "$(TEST_HOST)";
				CODE_SIGN_STYLE = Automatic;
				DEVELOPMENT_TEAM = WQ6FU7ZZ8T;
				INFOPLIST_FILE = PDFDocumentBuilderTests/Info.plist;
				IPHONEOS_DEPLOYMENT_TARGET = 14.5;
				LD_RUNPATH_SEARCH_PATHS = (
					"$(inherited)",
					"@executable_path/Frameworks",
					"@loader_path/Frameworks",
				);
				PRODUCT_BUNDLE_IDENTIFIER = qq.PDFDocumentBuilderTests;
				PRODUCT_NAME = "$(TARGET_NAME)";
				SWIFT_VERSION = 5.0;
				TARGETED_DEVICE_FAMILY = "1,2";
				TEST_HOST = "$(BUILT_PRODUCTS_DIR)/PDFDocumentBuilder.app/PDFDocumentBuilder";
			};
			name = Debug;
		};
		8B5E434626B1912A00A7996B /* Release */ = {
			isa = XCBuildConfiguration;
			buildSettings = {
				ALWAYS_EMBED_SWIFT_STANDARD_LIBRARIES = YES;
				BUNDLE_LOADER = "$(TEST_HOST)";
				CODE_SIGN_STYLE = Automatic;
				DEVELOPMENT_TEAM = WQ6FU7ZZ8T;
				INFOPLIST_FILE = PDFDocumentBuilderTests/Info.plist;
				IPHONEOS_DEPLOYMENT_TARGET = 14.5;
				LD_RUNPATH_SEARCH_PATHS = (
					"$(inherited)",
					"@executable_path/Frameworks",
					"@loader_path/Frameworks",
				);
				PRODUCT_BUNDLE_IDENTIFIER = qq.PDFDocumentBuilderTests;
				PRODUCT_NAME = "$(TARGET_NAME)";
				SWIFT_VERSION = 5.0;
				TARGETED_DEVICE_FAMILY = "1,2";
				TEST_HOST = "$(BUILT_PRODUCTS_DIR)/PDFDocumentBuilder.app/PDFDocumentBuilder";
			};
			name = Release;
		};
		8B5E434826B1912A00A7996B /* Debug */ = {
			isa = XCBuildConfiguration;
			buildSettings = {
				ALWAYS_EMBED_SWIFT_STANDARD_LIBRARIES = YES;
				CODE_SIGN_STYLE = Automatic;
				DEVELOPMENT_TEAM = WQ6FU7ZZ8T;
				INFOPLIST_FILE = PDFDocumentBuilderUITests/Info.plist;
				LD_RUNPATH_SEARCH_PATHS = (
					"$(inherited)",
					"@executable_path/Frameworks",
					"@loader_path/Frameworks",
				);
				PRODUCT_BUNDLE_IDENTIFIER = qq.PDFDocumentBuilderUITests;
				PRODUCT_NAME = "$(TARGET_NAME)";
				SWIFT_VERSION = 5.0;
				TARGETED_DEVICE_FAMILY = "1,2";
				TEST_TARGET_NAME = PDFDocumentBuilder;
			};
			name = Debug;
		};
		8B5E434926B1912A00A7996B /* Release */ = {
			isa = XCBuildConfiguration;
			buildSettings = {
				ALWAYS_EMBED_SWIFT_STANDARD_LIBRARIES = YES;
				CODE_SIGN_STYLE = Automatic;
				DEVELOPMENT_TEAM = WQ6FU7ZZ8T;
				INFOPLIST_FILE = PDFDocumentBuilderUITests/Info.plist;
				LD_RUNPATH_SEARCH_PATHS = (
					"$(inherited)",
					"@executable_path/Frameworks",
					"@loader_path/Frameworks",
				);
				PRODUCT_BUNDLE_IDENTIFIER = qq.PDFDocumentBuilderUITests;
				PRODUCT_NAME = "$(TARGET_NAME)";
				SWIFT_VERSION = 5.0;
				TARGETED_DEVICE_FAMILY = "1,2";
				TEST_TARGET_NAME = PDFDocumentBuilder;
			};
			name = Release;
		};
/* End XCBuildConfiguration section */

/* Begin XCConfigurationList section */
		8B5E431226B1912700A7996B /* Build configuration list for PBXProject "PDFDocumentBuilder" */ = {
			isa = XCConfigurationList;
			buildConfigurations = (
				8B5E433F26B1912A00A7996B /* Debug */,
				8B5E434026B1912A00A7996B /* Release */,
			);
			defaultConfigurationIsVisible = 0;
			defaultConfigurationName = Release;
		};
		8B5E434126B1912A00A7996B /* Build configuration list for PBXNativeTarget "PDFDocumentBuilder" */ = {
			isa = XCConfigurationList;
			buildConfigurations = (
				8B5E434226B1912A00A7996B /* Debug */,
				8B5E434326B1912A00A7996B /* Release */,
			);
			defaultConfigurationIsVisible = 0;
			defaultConfigurationName = Release;
		};
		8B5E434426B1912A00A7996B /* Build configuration list for PBXNativeTarget "PDFDocumentBuilderTests" */ = {
			isa = XCConfigurationList;
			buildConfigurations = (
				8B5E434526B1912A00A7996B /* Debug */,
				8B5E434626B1912A00A7996B /* Release */,
			);
			defaultConfigurationIsVisible = 0;
			defaultConfigurationName = Release;
		};
		8B5E434726B1912A00A7996B /* Build configuration list for PBXNativeTarget "PDFDocumentBuilderUITests" */ = {
			isa = XCConfigurationList;
			buildConfigurations = (
				8B5E434826B1912A00A7996B /* Debug */,
				8B5E434926B1912A00A7996B /* Release */,
			);
			defaultConfigurationIsVisible = 0;
			defaultConfigurationName = Release;
		};
/* End XCConfigurationList section */

/* Begin XCVersionGroup section */
		8B1AA36F2702E43300248D0B /* TokenModel.xcdatamodeld */ = {
			isa = XCVersionGroup;
			children = (
				8B1AA3702702E43300248D0B /* TokenModel.xcdatamodel */,
			);
			currentVersion = 8B1AA3702702E43300248D0B /* TokenModel.xcdatamodel */;
			path = TokenModel.xcdatamodeld;
			sourceTree = "<group>";
			versionGroupType = wrapper.xcdatamodel;
		};
/* End XCVersionGroup section */
	};
	rootObject = 8B5E430F26B1912700A7996B /* Project object */;
}
